
Microsoft Visual Studio Solution File, Format Version 12.00
# Visual Studio Version 17
VisualStudioVersion = 17.6.33815.320
MinimumVisualStudioVersion = 10.0.40219.1
Project("{FAE04EC0-301F-11D3-BF4B-00C04F79EFBC}") = "PedraPapelTesoura", "PedraPapelTesoura\PedraPapelTesoura.csproj", "{205124F5-6189-4667-A496-7B75ADB58B01}"
EndProject
Global
	GlobalSection(SolutionConfigurationPlatforms) = preSolution
		Debug|Any CPU = Debug|Any CPU
		Release|Any CPU = Release|Any CPU
	EndGlobalSection
	GlobalSection(ProjectConfigurationPlatforms) = postSolution
		{205124F5-6189-4667-A496-7B75ADB58B01}.Debug|Any CPU.ActiveCfg = Debug|Any CPU
		{205124F5-6189-4667-A496-7B75ADB58B01}.Debug|Any CPU.Build.0 = Debug|Any CPU
		{205124F5-6189-4667-A496-7B75ADB58B01}.Release|Any CPU.ActiveCfg = Release|Any CPU
		{205124F5-6189-4667-A496-7B75ADB58B01}.Release|Any CPU.Build.0 = Release|Any CPU
	EndGlobalSection
	GlobalSection(SolutionProperties) = preSolution
		HideSolutionNode = FALSE
	EndGlobalSection
	GlobalSection(ExtensibilityGlobals) = postSolution
		SolutionGuid = {CDE2B4EC-867F-46CF-BC25-81D808298514}
	EndGlobalSection
EndGlobal
